
Microsoft Visual Studio Solution File, Format Version 12.00
# Visual Studio 15
VisualStudioVersion = 15.0.27130.2003
MinimumVisualStudioVersion = 10.0.40219.1
Project("{FAE04EC0-301F-11D3-BF4B-00C04F79EFBC}") = "MagicConch", "Random Number Generator\MagicConch.csproj", "{5EF72A1D-DAB5-408B-9DCF-5A85C04EDB60}"
EndProject
Global
	GlobalSection(SolutionConfigurationPlatforms) = preSolution
		Debug|Any CPU = Debug|Any CPU
		Release|Any CPU = Release|Any CPU
	EndGlobalSection
	GlobalSection(ProjectConfigurationPlatforms) = postSolution
		{5EF72A1D-DAB5-408B-9DCF-5A85C04EDB60}.Debug|Any CPU.ActiveCfg = Debug|Any CPU
		{5EF72A1D-DAB5-408B-9DCF-5A85C04EDB60}.Debug|Any CPU.Build.0 = Debug|Any CPU
		{5EF72A1D-DAB5-408B-9DCF-5A85C04EDB60}.Release|Any CPU.ActiveCfg = Release|Any CPU
		{5EF72A1D-DAB5-408B-9DCF-5A85C04EDB60}.Release|Any CPU.Build.0 = Release|Any CPU
	EndGlobalSection
	GlobalSection(SolutionProperties) = preSolution
		HideSolutionNode = FALSE
	EndGlobalSection
	GlobalSection(ExtensibilityGlobals) = postSolution
		SolutionGuid = {A9C12F3E-C2C4-4E6B-81AB-955D4087C66B}
	EndGlobalSection
EndGlobal
